// !$*UTF8*$!
{
	archiveVersion = 1;
	classes = {
	};
	objectVersion = 77;
	objects = {

/* Begin PBXBuildFile section */
		CB7D0B3936F98964DCE0C655 /* LectureRecorderWorkerFixture in Embed Helper Tools */ = {isa = PBXBuildFile; fileRef = CB7D0B0FE7B7FF67151E9F01 /* LectureRecorderWorkerFixture */; settings = {ATTRIBUTES = (CodeSignOnCopy, ); }; };
/* End PBXBuildFile section */

/* Begin PBXContainerItemProxy section */
		CB7D0A82304480AA008522B4 /* PBXContainerItemProxy */ = {
			isa = PBXContainerItemProxy;
			containerPortal = CB7D0A1E30447E7A008522B4 /* Project object */;
			proxyType = 1;
			remoteGlobalIDString = CB7D0A2530447E7A008522B4;
			remoteInfo = LectureRecorder;
		};
		CB7D0BBF20CFA08F020FC867 /* PBXContainerItemProxy */ = {
			isa = PBXContainerItemProxy;
			containerPortal = CB7D0A1E30447E7A008522B4 /* Project object */;
			proxyType = 1;
			remoteGlobalIDString = CB7D0B42154F3DBF137A9AA6;
			remoteInfo = LectureRecorderWorkerFixture;
		};
/* End PBXContainerItemProxy section */

/* Begin PBXCopyFilesBuildPhase section */
		CB7D0BCA642CA93FA9929799 /* Embed Helper Tools */ = {
			isa = PBXCopyFilesBuildPhase;
			buildActionMask = 2147483647;
			dstPath = "";
			dstSubfolderSpec = 6;
			files = (
				CB7D0B3936F98964DCE0C655 /* LectureRecorderWorkerFixture in Embed Helper Tools */,
			);
			name = "Embed Helper Tools";
			runOnlyForDeploymentPostprocessing = 0;
		};
/* End PBXCopyFilesBuildPhase section */

/* Begin PBXFileReference section */
		CB7D0A2630447E7A008522B4 /* LectureRecorder.app */ = {isa = PBXFileReference; explicitFileType = wrapper.application; includeInIndex = 0; path = LectureRecorder.app; sourceTree = BUILT_PRODUCTS_DIR; };
		CB7D0A7E304480AA008522B4 /* LectureRecorderTests.xctest */ = {isa = PBXFileReference; explicitFileType = wrapper.cfbundle; includeInIndex = 0; path = LectureRecorderTests.xctest; sourceTree = BUILT_PRODUCTS_DIR; };
		CB7D0A9230472C34008522B4 /* README.md */ = {isa = PBXFileReference; lastKnownFileType = net.daringfireball.markdown; path = README.md; sourceTree = "<group>"; };
		CB7D0B0FE7B7FF67151E9F01 /* LectureRecorderWorkerFixture */ = {isa = PBXFileReference; explicitFileType = "compiled.mach-o.executable"; includeInIndex = 0; path = LectureRecorderWorkerFixture; sourceTree = BUILT_PRODUCTS_DIR; };
/* End PBXFileReference section */

/* Begin PBXFileSystemSynchronizedRootGroup section */
		CB7D0A2830447E7A008522B4 /* LectureRecorder */ = {
			isa = PBXFileSystemSynchronizedRootGroup;
			path = LectureRecorder;
			sourceTree = "<group>";
		};
		CB7D0A7F304480AA008522B4 /* LectureRecorderTests */ = {
			isa = PBXFileSystemSynchronizedRootGroup;
			path = LectureRecorderTests;
			sourceTree = "<group>";
		};
		CB7D0B2253F0907FCE659BD6 /* LectureRecorderWorkerFixture */ = {
			isa = PBXFileSystemSynchronizedRootGroup;
			path = LectureRecorderWorkerFixture;
			sourceTree = "<group>";
		};
/* End PBXFileSystemSynchronizedRootGroup section */

/* Begin PBXFrameworksBuildPhase section */
		CB7D0A2330447E7A008522B4 /* Frameworks */ = {
			isa = PBXFrameworksBuildPhase;
			buildActionMask = 2147483647;
			files = (
			);
			runOnlyForDeploymentPostprocessing = 0;
		};
		CB7D0A7B304480AA008522B4 /* Frameworks */ = {
			isa = PBXFrameworksBuildPhase;
			buildActionMask = 2147483647;
			files = (
			);
			runOnlyForDeploymentPostprocessing = 0;
		};
		CB7D0B0CC821EF68367835B6 /* Frameworks */ = {
			isa = PBXFrameworksBuildPhase;
			buildActionMask = 2147483647;
			files = (
			);
			runOnlyForDeploymentPostprocessing = 0;
		};
/* End PBXFrameworksBuildPhase section */

/* Begin PBXGroup section */
		CB7D0A1D30447E7A008522B4 = {
			isa = PBXGroup;
			children = (
				CB7D0A9230472C34008522B4 /* README.md */,
				CB7D0A2830447E7A008522B4 /* LectureRecorder */,
				CB7D0A7F304480AA008522B4 /* LectureRecorderTests */,
				CB7D0B2253F0907FCE659BD6 /* LectureRecorderWorkerFixture */,
				CB7D0A2730447E7A008522B4 /* Products */,
			);
			sourceTree = "<group>";
		};
		CB7D0A2730447E7A008522B4 /* Products */ = {
			isa = PBXGroup;
			children = (
				CB7D0A2630447E7A008522B4 /* LectureRecorder.app */,
				CB7D0A7E304480AA008522B4 /* LectureRecorderTests.xctest */,
				CB7D0B0FE7B7FF67151E9F01 /* LectureRecorderWorkerFixture */,
			);
			name = Products;
			sourceTree = "<group>";
		};
/* End PBXGroup section */

/* Begin PBXNativeTarget section */
		CB7D0A2530447E7A008522B4 /* LectureRecorder */ = {
			isa = PBXNativeTarget;
			buildConfigurationList = CB7D0A3130447E7B008522B4 /* Build configuration list for PBXNativeTarget "LectureRecorder" */;
			buildPhases = (
				CB7D0A2230447E7A008522B4 /* Sources */,
				CB7D0A2330447E7A008522B4 /* Frameworks */,
				CB7D0A2430447E7A008522B4 /* Resources */,
				CB7D0BCA642CA93FA9929799 /* Embed Helper Tools */,
			);
			buildRules = (
			);
			dependencies = (
				CB7D0B06CD5602E8D2BFA04C /* PBXTargetDependency */,
			);
			fileSystemSynchronizedGroups = (
				CB7D0A2830447E7A008522B4 /* LectureRecorder */,
			);
			name = LectureRecorder;
			packageProductDependencies = (
			);
			productName = LectureRecorder;
			productReference = CB7D0A2630447E7A008522B4 /* LectureRecorder.app */;
			productType = "com.apple.product-type.application";
		};
		CB7D0B42154F3DBF137A9AA6 /* LectureRecorderWorkerFixture */ = {
			isa = PBXNativeTarget;
			buildConfigurationList = CB7D0BB126AF74615B01E9EC /* Build configuration list for PBXNativeTarget "LectureRecorderWorkerFixture" */;
			buildPhases = (
				CB7D0BD58697F78B7640CF5A /* Sources */,
				CB7D0B0CC821EF68367835B6 /* Frameworks */,
			);
			buildRules = (
			);
			dependencies = (
			);
			fileSystemSynchronizedGroups = (
				CB7D0B2253F0907FCE659BD6 /* LectureRecorderWorkerFixture */,
			);
			name = LectureRecorderWorkerFixture;
			packageProductDependencies = (
			);
			productName = LectureRecorderWorkerFixture;
			productReference = CB7D0B0FE7B7FF67151E9F01 /* LectureRecorderWorkerFixture */;
			productType = "com.apple.product-type.tool";
		};
		CB7D0A7D304480AA008522B4 /* LectureRecorderTests */ = {
			isa = PBXNativeTarget;
			buildConfigurationList = CB7D0A86304480AA008522B4 /* Build configuration list for PBXNativeTarget "LectureRecorderTests" */;
			buildPhases = (
				CB7D0A7A304480AA008522B4 /* Sources */,
				CB7D0A7B304480AA008522B4 /* Frameworks */,
				CB7D0A7C304480AA008522B4 /* Resources */,
			);
			buildRules = (
			);
			dependencies = (
				CB7D0A83304480AA008522B4 /* PBXTargetDependency */,
			);
			fileSystemSynchronizedGroups = (
				CB7D0A7F304480AA008522B4 /* LectureRecorderTests */,
			);
			name = LectureRecorderTests;
			packageProductDependencies = (
			);
			productName = LectureRecorderTests;
			productReference = CB7D0A7E304480AA008522B4 /* LectureRecorderTests.xctest */;
			productType = "com.apple.product-type.bundle.unit-test";
		};
/* End PBXNativeTarget section */

/* Begin PBXProject section */
		CB7D0A1E30447E7A008522B4 /* Project object */ = {
			isa = PBXProject;
			attributes = {
				BuildIndependentTargetsInParallel = 1;
				LastSwiftUpdateCheck = 2660;
				LastUpgradeCheck = 2660;
				TargetAttributes = {
					CB7D0A2530447E7A008522B4 = {
						CreatedOnToolsVersion = 26.6;
					};
					CB7D0A7D304480AA008522B4 = {
						CreatedOnToolsVersion = 26.6;
						TestTargetID = CB7D0A2530447E7A008522B4;
					};
					CB7D0B42154F3DBF137A9AA6 = {
						CreatedOnToolsVersion = 26.6;
					};
				};
			};
			buildConfigurationList = CB7D0A2130447E7A008522B4 /* Build configuration list for PBXProject "LectureRecorder" */;
			developmentRegion = en;
			hasScannedForEncodings = 0;
			knownRegions = (
				en,
				Base,
			);
			mainGroup = CB7D0A1D30447E7A008522B4;
			minimizedProjectReferenceProxies = 1;
			preferredProjectObjectVersion = 77;
			productRefGroup = CB7D0A2730447E7A008522B4 /* Products */;
			projectDirPath = "";
			projectRoot = "";
			targets = (
				CB7D0A2530447E7A008522B4 /* LectureRecorder */,
				CB7D0A7D304480AA008522B4 /* LectureRecorderTests */,
				CB7D0B42154F3DBF137A9AA6 /* LectureRecorderWorkerFixture */,
			);
		};
/* End PBXProject section */

/* Begin PBXResourcesBuildPhase section */
		CB7D0A2430447E7A008522B4 /* Resources */ = {
			isa = PBXResourcesBuildPhase;
			buildActionMask = 2147483647;
			files = (
			);
			runOnlyForDeploymentPostprocessing = 0;
		};
		CB7D0A7C304480AA008522B4 /* Resources */ = {
			isa = PBXResourcesBuildPhase;
			buildActionMask = 2147483647;
			files = (
			);
			runOnlyForDeploymentPostprocessing = 0;
		};
/* End PBXResourcesBuildPhase section */

/* Begin PBXSourcesBuildPhase section */
		CB7D0A2230447E7A008522B4 /* Sources */ = {
			isa = PBXSourcesBuildPhase;
			buildActionMask = 2147483647;
			files = (
			);
			runOnlyForDeploymentPostprocessing = 0;
		};
		CB7D0A7A304480AA008522B4 /* Sources */ = {
			isa = PBXSourcesBuildPhase;
			buildActionMask = 2147483647;
			files = (
			);
			runOnlyForDeploymentPostprocessing = 0;
		};
		CB7D0BD58697F78B7640CF5A /* Sources */ = {
			isa = PBXSourcesBuildPhase;
			buildActionMask = 2147483647;
			files = (
			);
			runOnlyForDeploymentPostprocessing = 0;
		};
/* End PBXSourcesBuildPhase section */

/* Begin PBXTargetDependency section */
		CB7D0A83304480AA008522B4 /* PBXTargetDependency */ = {
			isa = PBXTargetDependency;
			target = CB7D0A2530447E7A008522B4 /* LectureRecorder */;
			targetProxy = CB7D0A82304480AA008522B4 /* PBXContainerItemProxy */;
		};
		CB7D0B06CD5602E8D2BFA04C /* PBXTargetDependency */ = {
			isa = PBXTargetDependency;
			target = CB7D0B42154F3DBF137A9AA6 /* LectureRecorderWorkerFixture */;
			targetProxy = CB7D0BBF20CFA08F020FC867 /* PBXContainerItemProxy */;
		};
/* End PBXTargetDependency section */

/* Begin XCBuildConfiguration section */
		CB7D0A2F30447E7B008522B4 /* Debug */ = {
			isa = XCBuildConfiguration;
			buildSettings = {
				ALWAYS_SEARCH_USER_PATHS = NO;
				ASSETCATALOG_COMPILER_GENERATE_SWIFT_ASSET_SYMBOL_EXTENSIONS = YES;
				CLANG_ANALYZER_NONNULL = YES;
				CLANG_ANALYZER_NUMBER_OBJECT_CONVERSION = YES_AGGRESSIVE;
				CLANG_CXX_LANGUAGE_STANDARD = "gnu++20";
				CLANG_ENABLE_MODULES = YES;
				CLANG_ENABLE_OBJC_ARC = YES;
				CLANG_ENABLE_OBJC_WEAK = YES;
				CLANG_WARN_BLOCK_CAPTURE_AUTORELEASING = YES;
				CLANG_WARN_BOOL_CONVERSION = YES;
				CLANG_WARN_COMMA = YES;
				CLANG_WARN_CONSTANT_CONVERSION = YES;
				CLANG_WARN_DEPRECATED_OBJC_IMPLEMENTATIONS = YES;
				CLANG_WARN_DIRECT_OBJC_ISA_USAGE = YES_ERROR;
				CLANG_WARN_DOCUMENTATION_COMMENTS = YES;
				CLANG_WARN_EMPTY_BODY = YES;
				CLANG_WARN_ENUM_CONVERSION = YES;
				CLANG_WARN_INFINITE_RECURSION = YES;
				CLANG_WARN_INT_CONVERSION = YES;
				CLANG_WARN_NON_LITERAL_NULL_CONVERSION = YES;
				CLANG_WARN_OBJC_IMPLICIT_RETAIN_SELF = YES;
				CLANG_WARN_OBJC_LITERAL_CONVERSION = YES;
				CLANG_WARN_OBJC_ROOT_CLASS = YES_ERROR;
				CLANG_WARN_QUOTED_INCLUDE_IN_FRAMEWORK_HEADER = YES;
				CLANG_WARN_RANGE_LOOP_ANALYSIS = YES;
				CLANG_WARN_STRICT_PROTOTYPES = YES;
				CLANG_WARN_SUSPICIOUS_MOVE = YES;
				CLANG_WARN_UNGUARDED_AVAILABILITY = YES_AGGRESSIVE;
				CLANG_WARN_UNREACHABLE_CODE = YES;
				CLANG_WARN__DUPLICATE_METHOD_MATCH = YES;
				COPY_PHASE_STRIP = NO;
				DEBUG_INFORMATION_FORMAT = dwarf;
				ENABLE_STRICT_OBJC_MSGSEND = YES;
				ENABLE_TESTABILITY = YES;
				ENABLE_USER_SCRIPT_SANDBOXING = YES;
				GCC_C_LANGUAGE_STANDARD = gnu17;
				GCC_DYNAMIC_NO_PIC = NO;
				GCC_NO_COMMON_BLOCKS = YES;
				GCC_OPTIMIZATION_LEVEL = 0;
				GCC_PREPROCESSOR_DEFINITIONS = (
					"DEBUG=1",
					"$(inherited)",
				);
				GCC_WARN_64_TO_32_BIT_CONVERSION = YES;
				GCC_WARN_ABOUT_RETURN_TYPE = YES_ERROR;
				GCC_WARN_UNDECLARED_SELECTOR = YES;
				GCC_WARN_UNINITIALIZED_AUTOS = YES_AGGRESSIVE;
				GCC_WARN_UNUSED_FUNCTION = YES;
				GCC_WARN_UNUSED_VARIABLE = YES;
				LOCALIZATION_PREFERS_STRING_CATALOGS = YES;
				MACOSX_DEPLOYMENT_TARGET = 26.5;
				MTL_ENABLE_DEBUG_INFO = INCLUDE_SOURCE;
				MTL_FAST_MATH = YES;
				ONLY_ACTIVE_ARCH = YES;
				SDKROOT = macosx;
				SWIFT_ACTIVE_COMPILATION_CONDITIONS = "DEBUG $(inherited)";
				SWIFT_OPTIMIZATION_LEVEL = "-Onone";
			};
			name = Debug;
		};
		CB7D0A3030447E7B008522B4 /* Release */ = {
			isa = XCBuildConfiguration;
			buildSettings = {
				ALWAYS_SEARCH_USER_PATHS = NO;
				ASSETCATALOG_COMPILER_GENERATE_SWIFT_ASSET_SYMBOL_EXTENSIONS = YES;
				CLANG_ANALYZER_NONNULL = YES;
				CLANG_ANALYZER_NUMBER_OBJECT_CONVERSION = YES_AGGRESSIVE;
				CLANG_CXX_LANGUAGE_STANDARD = "gnu++20";
				CLANG_ENABLE_MODULES = YES;
				CLANG_ENABLE_OBJC_ARC = YES;
				CLANG_ENABLE_OBJC_WEAK = YES;
				CLANG_WARN_BLOCK_CAPTURE_AUTORELEASING = YES;
				CLANG_WARN_BOOL_CONVERSION = YES;
				CLANG_WARN_COMMA = YES;
				CLANG_WARN_CONSTANT_CONVERSION = YES;
				CLANG_WARN_DEPRECATED_OBJC_IMPLEMENTATIONS = YES;
				CLANG_WARN_DIRECT_OBJC_ISA_USAGE = YES_ERROR;
				CLANG_WARN_DOCUMENTATION_COMMENTS = YES;
				CLANG_WARN_EMPTY_BODY = YES;
				CLANG_WARN_ENUM_CONVERSION = YES;
				CLANG_WARN_INFINITE_RECURSION = YES;
				CLANG_WARN_INT_CONVERSION = YES;
				CLANG_WARN_NON_LITERAL_NULL_CONVERSION = YES;
				CLANG_WARN_OBJC_IMPLICIT_RETAIN_SELF = YES;
				CLANG_WARN_OBJC_LITERAL_CONVERSION = YES;
				CLANG_WARN_OBJC_ROOT_CLASS = YES_ERROR;
				CLANG_WARN_QUOTED_INCLUDE_IN_FRAMEWORK_HEADER = YES;
				CLANG_WARN_RANGE_LOOP_ANALYSIS = YES;
				CLANG_WARN_STRICT_PROTOTYPES = YES;
				CLANG_WARN_SUSPICIOUS_MOVE = YES;
				CLANG_WARN_UNGUARDED_AVAILABILITY = YES_AGGRESSIVE;
				CLANG_WARN_UNREACHABLE_CODE = YES;
				CLANG_WARN__DUPLICATE_METHOD_MATCH = YES;
				COPY_PHASE_STRIP = NO;
				DEBUG_INFORMATION_FORMAT = "dwarf-with-dsym";
				ENABLE_NS_ASSERTIONS = NO;
				ENABLE_STRICT_OBJC_MSGSEND = YES;
				ENABLE_USER_SCRIPT_SANDBOXING = YES;
				GCC_C_LANGUAGE_STANDARD = gnu17;
				GCC_NO_COMMON_BLOCKS = YES;
				GCC_WARN_64_TO_32_BIT_CONVERSION = YES;
				GCC_WARN_ABOUT_RETURN_TYPE = YES_ERROR;
				GCC_WARN_UNDECLARED_SELECTOR = YES;
				GCC_WARN_UNINITIALIZED_AUTOS = YES_AGGRESSIVE;
				GCC_WARN_UNUSED_FUNCTION = YES;
				GCC_WARN_UNUSED_VARIABLE = YES;
				LOCALIZATION_PREFERS_STRING_CATALOGS = YES;
				MACOSX_DEPLOYMENT_TARGET = 26.5;
				MTL_ENABLE_DEBUG_INFO = NO;
				MTL_FAST_MATH = YES;
				SDKROOT = macosx;
				SWIFT_COMPILATION_MODE = wholemodule;
			};
			name = Release;
		};
		CB7D0A3230447E7B008522B4 /* Debug */ = {
			isa = XCBuildConfiguration;
			buildSettings = {
				ASSETCATALOG_COMPILER_APPICON_NAME = AppIcon;
				ASSETCATALOG_COMPILER_GLOBAL_ACCENT_COLOR_NAME = AccentColor;
				CODE_SIGN_STYLE = Automatic;
				COMBINE_HIDPI_IMAGES = YES;
				CURRENT_PROJECT_VERSION = 1;
				DEVELOPMENT_TEAM = 7S2J66TZ76;
				ENABLE_APP_SANDBOX = YES;
				ENABLE_INCOMING_NETWORK_CONNECTIONS = NO;
				ENABLE_OUTGOING_NETWORK_CONNECTIONS = NO;
				ENABLE_PREVIEWS = YES;
				ENABLE_RESOURCE_ACCESS_AUDIO_INPUT = YES;
				ENABLE_RESOURCE_ACCESS_BLUETOOTH = NO;
				ENABLE_RESOURCE_ACCESS_CALENDARS = NO;
				ENABLE_RESOURCE_ACCESS_CAMERA = NO;
				ENABLE_RESOURCE_ACCESS_CONTACTS = NO;
				ENABLE_RESOURCE_ACCESS_LOCATION = NO;
				ENABLE_RESOURCE_ACCESS_PRINTING = NO;
				ENABLE_RESOURCE_ACCESS_USB = NO;
				ENABLE_USER_SELECTED_FILES = readonly;
				GENERATE_INFOPLIST_FILE = YES;
				INFOPLIST_KEY_NSHumanReadableCopyright = "";
				INFOPLIST_KEY_NSMicrophoneUsageDescription = "LectureRecorder needs microphone access to record.";
				LD_RUNPATH_SEARCH_PATHS = (
					"$(inherited)",
					"@executable_path/../Frameworks",
				);
				MARKETING_VERSION = 1.0;
				PRODUCT_BUNDLE_IDENTIFIER = com.dylanlee.LectureRecorder;
				PRODUCT_NAME = "$(TARGET_NAME)";
				REGISTER_APP_GROUPS = YES;
				STRING_CATALOG_GENERATE_SYMBOLS = YES;
				SWIFT_APPROACHABLE_CONCURRENCY = YES;
				SWIFT_DEFAULT_ACTOR_ISOLATION = MainActor;
				SWIFT_EMIT_LOC_STRINGS = YES;
				SWIFT_UPCOMING_FEATURE_MEMBER_IMPORT_VISIBILITY = YES;
				SWIFT_VERSION = 5.0;
			};
			name = Debug;
		};
		CB7D0A3330447E7B008522B4 /* Release */ = {
			isa = XCBuildConfiguration;
			buildSettings = {
				ASSETCATALOG_COMPILER_APPICON_NAME = AppIcon;
				ASSETCATALOG_COMPILER_GLOBAL_ACCENT_COLOR_NAME = AccentColor;
				CODE_SIGN_STYLE = Automatic;
				COMBINE_HIDPI_IMAGES = YES;
				CURRENT_PROJECT_VERSION = 1;
				DEVELOPMENT_TEAM = 7S2J66TZ76;
				ENABLE_APP_SANDBOX = YES;
				ENABLE_INCOMING_NETWORK_CONNECTIONS = NO;
				ENABLE_OUTGOING_NETWORK_CONNECTIONS = NO;
				ENABLE_PREVIEWS = YES;
				ENABLE_RESOURCE_ACCESS_AUDIO_INPUT = YES;
				ENABLE_RESOURCE_ACCESS_BLUETOOTH = NO;
				ENABLE_RESOURCE_ACCESS_CALENDARS = NO;
				ENABLE_RESOURCE_ACCESS_CAMERA = NO;
				ENABLE_RESOURCE_ACCESS_CONTACTS = NO;
				ENABLE_RESOURCE_ACCESS_LOCATION = NO;
				ENABLE_RESOURCE_ACCESS_PRINTING = NO;
				ENABLE_RESOURCE_ACCESS_USB = NO;
				ENABLE_USER_SELECTED_FILES = readonly;
				GENERATE_INFOPLIST_FILE = YES;
				INFOPLIST_KEY_NSHumanReadableCopyright = "";
				INFOPLIST_KEY_NSMicrophoneUsageDescription = "LectureRecorder needs microphone access to record.";
				LD_RUNPATH_SEARCH_PATHS = (
					"$(inherited)",
					"@executable_path/../Frameworks",
				);
				MARKETING_VERSION = 1.0;
				PRODUCT_BUNDLE_IDENTIFIER = com.dylanlee.LectureRecorder;
				PRODUCT_NAME = "$(TARGET_NAME)";
				REGISTER_APP_GROUPS = YES;
				STRING_CATALOG_GENERATE_SYMBOLS = YES;
				SWIFT_APPROACHABLE_CONCURRENCY = YES;
				SWIFT_DEFAULT_ACTOR_ISOLATION = MainActor;
				SWIFT_EMIT_LOC_STRINGS = YES;
				SWIFT_UPCOMING_FEATURE_MEMBER_IMPORT_VISIBILITY = YES;
				SWIFT_VERSION = 5.0;
			};
			name = Release;
		};
		CB7D0A84304480AA008522B4 /* Debug */ = {
			isa = XCBuildConfiguration;
			buildSettings = {
				BUNDLE_LOADER = "$(TEST_HOST)";
				CODE_SIGN_STYLE = Automatic;
				CURRENT_PROJECT_VERSION = 1;
				GENERATE_INFOPLIST_FILE = YES;
				MARKETING_VERSION = 1.0;
				PRODUCT_BUNDLE_IDENTIFIER = com.dylanlee.LectureRecorderTests;
				PRODUCT_NAME = "$(TARGET_NAME)";
				STRING_CATALOG_GENERATE_SYMBOLS = NO;
				SWIFT_APPROACHABLE_CONCURRENCY = YES;
				SWIFT_EMIT_LOC_STRINGS = NO;
				SWIFT_UPCOMING_FEATURE_MEMBER_IMPORT_VISIBILITY = YES;
				SWIFT_VERSION = 5.0;
				TEST_HOST = "$(BUILT_PRODUCTS_DIR)/LectureRecorder.app/$(BUNDLE_EXECUTABLE_FOLDER_PATH)/LectureRecorder";
			};
			name = Debug;
		};
		CB7D0A85304480AA008522B4 /* Release */ = {
			isa = XCBuildConfiguration;
			buildSettings = {
				BUNDLE_LOADER = "$(TEST_HOST)";
				CODE_SIGN_STYLE = Automatic;
				CURRENT_PROJECT_VERSION = 1;
				GENERATE_INFOPLIST_FILE = YES;
				MARKETING_VERSION = 1.0;
				PRODUCT_BUNDLE_IDENTIFIER = com.dylanlee.LectureRecorderTests;
				PRODUCT_NAME = "$(TARGET_NAME)";
				STRING_CATALOG_GENERATE_SYMBOLS = NO;
				SWIFT_APPROACHABLE_CONCURRENCY = YES;
				SWIFT_EMIT_LOC_STRINGS = NO;
				SWIFT_UPCOMING_FEATURE_MEMBER_IMPORT_VISIBILITY = YES;
				SWIFT_VERSION = 5.0;
				TEST_HOST = "$(BUILT_PRODUCTS_DIR)/LectureRecorder.app/$(BUNDLE_EXECUTABLE_FOLDER_PATH)/LectureRecorder";
			};
			name = Release;
		};
		CB7D0BF4F46DFB9E24BFE844 /* Debug */ = {
			isa = XCBuildConfiguration;
			buildSettings = {
				CODE_SIGN_ENTITLEMENTS = LectureRecorderWorkerFixture/LectureRecorderWorkerFixture.entitlements;
				CODE_SIGN_INJECT_BASE_ENTITLEMENTS = NO;
				CODE_SIGN_STYLE = Automatic;
				DEVELOPMENT_TEAM = 7S2J66TZ76;
				PRODUCT_BUNDLE_IDENTIFIER = com.dylanlee.LectureRecorder.WorkerFixture;
				PRODUCT_NAME = "$(TARGET_NAME)";
				SKIP_INSTALL = YES;
				SWIFT_APPROACHABLE_CONCURRENCY = YES;
				SWIFT_UPCOMING_FEATURE_MEMBER_IMPORT_VISIBILITY = YES;
				SWIFT_VERSION = 5.0;
			};
			name = Debug;
		};
		CB7D0B213E68C59C816E7DC5 /* Release */ = {
			isa = XCBuildConfiguration;
			buildSettings = {
				CODE_SIGN_ENTITLEMENTS = LectureRecorderWorkerFixture/LectureRecorderWorkerFixture.entitlements;
				CODE_SIGN_INJECT_BASE_ENTITLEMENTS = NO;
				CODE_SIGN_STYLE = Automatic;
				DEVELOPMENT_TEAM = 7S2J66TZ76;
				PRODUCT_BUNDLE_IDENTIFIER = com.dylanlee.LectureRecorder.WorkerFixture;
				PRODUCT_NAME = "$(TARGET_NAME)";
				SKIP_INSTALL = YES;
				SWIFT_APPROACHABLE_CONCURRENCY = YES;
				SWIFT_UPCOMING_FEATURE_MEMBER_IMPORT_VISIBILITY = YES;
				SWIFT_VERSION = 5.0;
			};
			name = Release;
		};
/* End XCBuildConfiguration section */

/* Begin XCConfigurationList section */
		CB7D0A2130447E7A008522B4 /* Build configuration list for PBXProject "LectureRecorder" */ = {
			isa = XCConfigurationList;
			buildConfigurations = (
				CB7D0A2F30447E7B008522B4 /* Debug */,
				CB7D0A3030447E7B008522B4 /* Release */,
			);
			defaultConfigurationIsVisible = 0;
			defaultConfigurationName = Release;
		};
		CB7D0A3130447E7B008522B4 /* Build configuration list for PBXNativeTarget "LectureRecorder" */ = {
			isa = XCConfigurationList;
			buildConfigurations = (
				CB7D0A3230447E7B008522B4 /* Debug */,
				CB7D0A3330447E7B008522B4 /* Release */,
			);
			defaultConfigurationIsVisible = 0;
			defaultConfigurationName = Release;
		};
		CB7D0A86304480AA008522B4 /* Build configuration list for PBXNativeTarget "LectureRecorderTests" */ = {
			isa = XCConfigurationList;
			buildConfigurations = (
				CB7D0A84304480AA008522B4 /* Debug */,
				CB7D0A85304480AA008522B4 /* Release */,
			);
			defaultConfigurationIsVisible = 0;
			defaultConfigurationName = Release;
		};
		CB7D0BB126AF74615B01E9EC /* Build configuration list for PBXNativeTarget "LectureRecorderWorkerFixture" */ = {
			isa = XCConfigurationList;
			buildConfigurations = (
				CB7D0BF4F46DFB9E24BFE844 /* Debug */,
				CB7D0B213E68C59C816E7DC5 /* Release */,
			);
			defaultConfigurationIsVisible = 0;
			defaultConfigurationName = Release;
		};
/* End XCConfigurationList section */
	};
	rootObject = CB7D0A1E30447E7A008522B4 /* Project object */;
}
